{
	"name": "jirae2e_playwright",
	"version": "1.0.0",
	"lockfileVersion": 3,
	"requires": true,
	"packages": {
		"": {
			"name": "jirae2e_playwright",
			"version": "1.0.0",
			"license": "ISC",
			"devDependencies": {
				"@playwright/test": "^1.35.0",
				"@wdio/allure-reporter": "^8.11.0",
				"allure": "^0.0.0",
				"allure-playwright": "^2.4.0",
				"dotenv": "^16.1.4"
			}
		},
		"node_modules/@playwright/test": {
			"version": "1.35.0",
			"resolved": "https://registry.npmjs.org/@playwright/test/-/test-1.35.0.tgz",
			"integrity": "sha512-6qXdd5edCBynOwsz1YcNfgX8tNWeuS9fxy5o59D0rvHXxRtjXRebB4gE4vFVfEMXl/z8zTnAzfOs7aQDEs8G4Q==",
			"dev": true,
			"dependencies": {
				"@types/node": "*",
				"playwright-core": "1.35.0"
			},
			"bin": {
				"playwright": "cli.js"
			},
			"engines": {
				"node": ">=16"
			},
			"optionalDependencies": {
				"fsevents": "2.3.2"
			}
		},
		"node_modules/@types/node": {
			"version": "20.2.5",
			"resolved": "https://registry.npmjs.org/@types/node/-/node-20.2.5.tgz",
			"integrity": "sha512-JJulVEQXmiY9Px5axXHeYGLSjhkZEnD+MDPDGbCbIAbMslkKwmygtZFy1X6s/075Yo94sf8GuSlFfPzysQrWZQ==",
			"dev": true
		},
		"node_modules/@wdio/allure-reporter": {
			"version": "8.11.0",
			"resolved": "https://registry.npmjs.org/@wdio/allure-reporter/-/allure-reporter-8.11.0.tgz",
			"integrity": "sha512-ahF4Q/ibxDnJgfLQWSqnvgWLDsps8CCD1nHkMCXWPAtIx0p9m2YhLlzZRBSFz06AmVYsKCLiL4YngWBLi2husg==",
			"dev": true,
			"dependencies": {
				"@types/node": "^20.1.0",
				"@wdio/reporter": "8.11.0",
				"@wdio/types": "8.10.4",
				"allure-js-commons": "^2.0.0",
				"csv-stringify": "^6.0.4",
				"strip-ansi": "^7.1.0"
			},
			"engines": {
				"node": "^16.13 || >=18"
			}
		},
		"node_modules/@wdio/logger": {
			"version": "8.11.0",
			"resolved": "https://registry.npmjs.org/@wdio/logger/-/logger-8.11.0.tgz",
			"integrity": "sha512-IsuKSaYi7NKEdgA57h8muzlN/MVp1dQG+V4C//7g4m03YJUnNQLvDhJzLjdeNTfvZy61U7foQSyt+3ktNzZkXA==",
			"dev": true,
			"dependencies": {
				"chalk": "^5.1.2",
				"loglevel": "^1.6.0",
				"loglevel-plugin-prefix": "^0.8.4",
				"strip-ansi": "^7.1.0"
			},
			"engines": {
				"node": "^16.13 || >=18"
			}
		},
		"node_modules/@wdio/reporter": {
			"version": "8.11.0",
			"resolved": "https://registry.npmjs.org/@wdio/reporter/-/reporter-8.11.0.tgz",
			"integrity": "sha512-eNQxzaTzouyCGRT8ljSzdOf5oJnQxgiKwOs9Cw/j4r5eqd5JQs+GCFP6tFVNjGtPpVIbfsfTb7yI+xmvjNRXhw==",
			"dev": true,
			"dependencies": {
				"@types/node": "^20.1.0",
				"@wdio/logger": "8.11.0",
				"@wdio/types": "8.10.4",
				"diff": "^5.0.0",
				"object-inspect": "^1.12.0",
				"supports-color": "9.3.1"
			},
			"engines": {
				"node": "^16.13 || >=18"
			}
		},
		"node_modules/@wdio/types": {
			"version": "8.10.4",
			"resolved": "https://registry.npmjs.org/@wdio/types/-/types-8.10.4.tgz",
			"integrity": "sha512-aLJ1QQW+hhALeRK3bvMLjIrlUVyhOs3Od+91pR4Z4pLwyeNG1bJZCJRD5bAJK/mm7CnFa0NsdixPS9jJxZcRrw==",
			"dev": true,
			"dependencies": {
				"@types/node": "^20.1.0"
			},
			"engines": {
				"node": "^16.13 || >=18"
			}
		},
		"node_modules/allure": {
			"version": "0.0.0",
			"resolved": "https://registry.npmjs.org/allure/-/allure-0.0.0.tgz",
			"integrity": "sha512-WxZzEkazOUpxZZ7hAn3eCGq96CbwPFRquPA95jWh1XNZpfCBjORJ2nxueyMsmzal81NUCrfS5Xud3jfpzavldw==",
			"dev": true
		},
		"node_modules/allure-js-commons": {
			"version": "2.4.0",
			"resolved": "https://registry.npmjs.org/allure-js-commons/-/allure-js-commons-2.4.0.tgz",
			"integrity": "sha512-mIQKAA91ihtMPzHJh7fQib/8MhZaUQ0oYtqFzS//5/Q+ILbMWW3WD2ISWtwniFAF2XWdRFjZ013IfUuKusbh1g==",
			"dev": true,
			"dependencies": {
				"properties": "^1.2.1",
				"uuid": "^8.3.0"
			}
		},
		"node_modules/allure-playwright": {
			"version": "2.4.0",
			"resolved": "https://registry.npmjs.org/allure-playwright/-/allure-playwright-2.4.0.tgz",
			"integrity": "sha512-YtOdQXKPUFFfXVEPUaH5ebNf/2tLmJ1q898l+TPCPBeTQWVpKxLJm5yQkBbu+cmbsN+FGCsfDHFiqcS/r6f71w==",
			"dev": true,
			"dependencies": {
				"allure-js-commons": "2.4.0"
			}
		},
		"node_modules/ansi-regex": {
			"version": "6.0.1",
			"resolved": "https://registry.npmjs.org/ansi-regex/-/ansi-regex-6.0.1.tgz",
			"integrity": "sha512-n5M855fKb2SsfMIiFFoVrABHJC8QtHwVx+mHWP3QcEqBHYienj5dHSgjbxtC0WEZXYt4wcD6zrQElDPhFuZgfA==",
			"dev": true,
			"engines": {
				"node": ">=12"
			},
			"funding": {
				"url": "https://github.com/chalk/ansi-regex?sponsor=1"
			}
		},
		"node_modules/chalk": {
			"version": "5.2.0",
			"resolved": "https://registry.npmjs.org/chalk/-/chalk-5.2.0.tgz",
			"integrity": "sha512-ree3Gqw/nazQAPuJJEy+avdl7QfZMcUvmHIKgEZkGL+xOBzRvup5Hxo6LHuMceSxOabuJLJm5Yp/92R9eMmMvA==",
			"dev": true,
			"engines": {
				"node": "^12.17.0 || ^14.13 || >=16.0.0"
			},
			"funding": {
				"url": "https://github.com/chalk/chalk?sponsor=1"
			}
		},
		"node_modules/csv-stringify": {
			"version": "6.4.0",
			"resolved": "https://registry.npmjs.org/csv-stringify/-/csv-stringify-6.4.0.tgz",
			"integrity": "sha512-HQsw0QXiN5fdlO+R8/JzCZnR3Fqp8E87YVnhHlaPtNGJjt6ffbV0LpOkieIb1x6V1+xt878IYq77SpXHWAqKkA==",
			"dev": true
		},
		"node_modules/diff": {
			"version": "5.1.0",
			"resolved": "https://registry.npmjs.org/diff/-/diff-5.1.0.tgz",
			"integrity": "sha512-D+mk+qE8VC/PAUrlAU34N+VfXev0ghe5ywmpqrawphmVZc1bEfn56uo9qpyGp1p4xpzOHkSW4ztBd6L7Xx4ACw==",
			"dev": true,
			"engines": {
				"node": ">=0.3.1"
			}
		},
		"node_modules/dotenv": {
			"version": "16.1.4",
			"resolved": "https://registry.npmjs.org/dotenv/-/dotenv-16.1.4.tgz",
			"integrity": "sha512-m55RtE8AsPeJBpOIFKihEmqUcoVncQIwo7x9U8ZwLEZw9ZpXboz2c+rvog+jUaJvVrZ5kBOeYQBX5+8Aa/OZQw==",
			"dev": true,
			"engines": {
				"node": ">=12"
			},
			"funding": {
				"url": "https://github.com/motdotla/dotenv?sponsor=1"
			}
		},
		"node_modules/fsevents": {
			"version": "2.3.2",
			"resolved": "https://registry.npmjs.org/fsevents/-/fsevents-2.3.2.tgz",
			"integrity": "sha512-xiqMQR4xAeHTuB9uWm+fFRcIOgKBMiOBP+eXiyT7jsgVCq1bkVygt00oASowB7EdtpOHaaPgKt812P9ab+DDKA==",
			"dev": true,
			"hasInstallScript": true,
			"optional": true,
			"os": [
				"darwin"
			],
			"engines": {
				"node": "^8.16.0 || ^10.6.0 || >=11.0.0"
			}
		},
		"node_modules/loglevel": {
			"version": "1.8.1",
			"resolved": "https://registry.npmjs.org/loglevel/-/loglevel-1.8.1.tgz",
			"integrity": "sha512-tCRIJM51SHjAayKwC+QAg8hT8vg6z7GSgLJKGvzuPb1Wc+hLzqtuVLxp6/HzSPOozuK+8ErAhy7U/sVzw8Dgfg==",
			"dev": true,
			"engines": {
				"node": ">= 0.6.0"
			},
			"funding": {
				"type": "tidelift",
				"url": "https://tidelift.com/funding/github/npm/loglevel"
			}
		},
		"node_modules/loglevel-plugin-prefix": {
			"version": "0.8.4",
			"resolved": "https://registry.npmjs.org/loglevel-plugin-prefix/-/loglevel-plugin-prefix-0.8.4.tgz",
			"integrity": "sha512-WpG9CcFAOjz/FtNht+QJeGpvVl/cdR6P0z6OcXSkr8wFJOsV2GRj2j10JLfjuA4aYkcKCNIEqRGCyTife9R8/g==",
			"dev": true
		},
		"node_modules/object-inspect": {
			"version": "1.12.3",
			"resolved": "https://registry.npmjs.org/object-inspect/-/object-inspect-1.12.3.tgz",
			"integrity": "sha512-geUvdk7c+eizMNUDkRpW1wJwgfOiOeHbxBR/hLXK1aT6zmVSO0jsQcs7fj6MGw89jC/cjGfLcNOrtMYtGqm81g==",
			"dev": true,
			"funding": {
				"url": "https://github.com/sponsors/ljharb"
			}
		},
		"node_modules/playwright-core": {
			"version": "1.35.0",
			"resolved": "https://registry.npmjs.org/playwright-core/-/playwright-core-1.35.0.tgz",
			"integrity": "sha512-muMXyPmIx/2DPrCHOD1H1ePT01o7OdKxKj2ebmCAYvqhUy+Y1bpal7B0rdoxros7YrXI294JT/DWw2LqyiqTPA==",
			"dev": true,
			"bin": {
				"playwright-core": "cli.js"
			},
			"engines": {
				"node": ">=16"
			}
		},
		"node_modules/properties": {
			"version": "1.2.1",
			"resolved": "https://registry.npmjs.org/properties/-/properties-1.2.1.tgz",
			"integrity": "sha512-qYNxyMj1JeW54i/EWEFsM1cVwxJbtgPp8+0Wg9XjNaK6VE/c4oRi6PNu5p7w1mNXEIQIjV5Wwn8v8Gz82/QzdQ==",
			"dev": true,
			"engines": {
				"node": ">=0.10"
			}
		},
		"node_modules/strip-ansi": {
			"version": "7.1.0",
			"resolved": "https://registry.npmjs.org/strip-ansi/-/strip-ansi-7.1.0.tgz",
			"integrity": "sha512-iq6eVVI64nQQTRYq2KtEg2d2uU7LElhTJwsH4YzIHZshxlgZms/wIc4VoDQTlG/IvVIrBKG06CrZnp0qv7hkcQ==",
			"dev": true,
			"dependencies": {
				"ansi-regex": "^6.0.1"
			},
			"engines": {
				"node": ">=12"
			},
			"funding": {
				"url": "https://github.com/chalk/strip-ansi?sponsor=1"
			}
		},
		"node_modules/supports-color": {
			"version": "9.3.1",
			"resolved": "https://registry.npmjs.org/supports-color/-/supports-color-9.3.1.tgz",
			"integrity": "sha512-knBY82pjmnIzK3NifMo3RxEIRD9E0kIzV4BKcyTZ9+9kWgLMxd4PrsTSMoFQUabgRBbF8KOLRDCyKgNV+iK44Q==",
			"dev": true,
			"engines": {
				"node": ">=12"
			},
			"funding": {
				"url": "https://github.com/chalk/supports-color?sponsor=1"
			}
		},
		"node_modules/uuid": {
			"version": "8.3.2",
			"resolved": "https://registry.npmjs.org/uuid/-/uuid-8.3.2.tgz",
			"integrity": "sha512-+NYs2QeMWy+GWFOEm9xnn6HCDp0l7QBD7ml8zLUmJ+93Q5NF0NocErnwkTkXVFNiX3/fpC6afS8Dhb/gz7R7eg==",
			"dev": true,
			"bin": {
				"uuid": "dist/bin/uuid"
			}
		}
	}
}
